
Microsoft Visual Studio Solution File, Format Version 12.00
Project("{FAE04EC0-301F-11D3-BF4B-00C04F79EFBC}") = "SFML-ImGui-Template", "SFML-ImGui-Template.csproj", "{C6DDF992-3CD2-43CA-B573-8F42D82ECDE5}"
EndProject
Global
	GlobalSection(SolutionConfigurationPlatforms) = preSolution
		Debug|Any CPU = Debug|Any CPU
		Release|Any CPU = Release|Any CPU
	EndGlobalSection
	GlobalSection(ProjectConfigurationPlatforms) = postSolution
		{C6DDF992-3CD2-43CA-B573-8F42D82ECDE5}.Debug|Any CPU.ActiveCfg = Debug|Any CPU
		{C6DDF992-3CD2-43CA-B573-8F42D82ECDE5}.Debug|Any CPU.Build.0 = Debug|Any CPU
		{C6DDF992-3CD2-43CA-B573-8F42D82ECDE5}.Release|Any CPU.ActiveCfg = Release|Any CPU
		{C6DDF992-3CD2-43CA-B573-8F42D82ECDE5}.Release|Any CPU.Build.0 = Release|Any CPU
	EndGlobalSection
EndGlobal
